
Microsoft Visual Studio Solution File, Format Version 12.00
# Visual Studio Version 16
VisualStudioVersion = 16.0.33927.289
MinimumVisualStudioVersion = 10.0.40219.1
Project("{2150E333-8FDC-42A3-9474-1A3956D46DE8}") = "Task0", "Task0", "{BF595683-079C-498A-9F04-2A00318D2F14}"
EndProject
Project("{FAE04EC0-301F-11D3-BF4B-00C04F79EFBC}") = "Tyuiu.HodakovaNA.Sprint2.Task0.V13", "Tyuiu.HodakovaNA.Sprint2.Task0.V13\Tyuiu.HodakovaNA.Sprint2.Task0.V13.csproj", "{CC1062CF-1F61-42EB-A6B3-C40EFE3F5C95}"
EndProject
Project("{FAE04EC0-301F-11D3-BF4B-00C04F79EFBC}") = "Tyuiu.HodakovaNA.Sprint2.Task0.V13.Lib", "Tyuiu.HodakovaNA.Sprint2.Task0.V13.Lib\Tyuiu.HodakovaNA.Sprint2.Task0.V13.Lib.csproj", "{5C200BB7-A4A3-4A4E-AC8D-FD7846668748}"
EndProject
Project("{FAE04EC0-301F-11D3-BF4B-00C04F79EFBC}") = "Tyuiu.HodakovaNA.Sprint2.Task0.V13.Test", "Tyuiu.HodakovaNA.Sprint2.Task0.V13.Test\Tyuiu.HodakovaNA.Sprint2.Task0.V13.Test.csproj", "{186EF7D7-FE31-4F90-8315-648E1D02EADF}"
EndProject
Project("{2150E333-8FDC-42A3-9474-1A3956D46DE8}") = "Task1", "Task1", "{3D9AE30F-AEF9-4FCC-B3D3-8A0190E6BB09}"
EndProject
Project("{FAE04EC0-301F-11D3-BF4B-00C04F79EFBC}") = "Tyuiu.HodakovaNA.Sprint2.Task1.V30", "Tyuiu.HodakovaNA.Sprint2.Task1.V30\Tyuiu.HodakovaNA.Sprint2.Task1.V30.csproj", "{8EC517F1-24D0-43E0-9CB2-8177E7428D0D}"
EndProject
Project("{FAE04EC0-301F-11D3-BF4B-00C04F79EFBC}") = "Tyuiu.HodakovaNA.Sprint2.Task1.V30.Lib", "Tyuiu.HodakovaNA.Sprint2.Task1.V30.Lib\Tyuiu.HodakovaNA.Sprint2.Task1.V30.Lib.csproj", "{E609AD0E-8293-442A-B4FE-05D73582D10E}"
EndProject
Project("{FAE04EC0-301F-11D3-BF4B-00C04F79EFBC}") = "Tyuiu.HodakovaNA.Sprint2.Task1.V30.Tast", "Tyuiu.HodakovaNA.Sprint2.Task1.V30.Tast\Tyuiu.HodakovaNA.Sprint2.Task1.V30.Tast.csproj", "{480D7A4E-6423-49F2-AF78-42F7CF792589}"
EndProject
Project("{2150E333-8FDC-42A3-9474-1A3956D46DE8}") = "Task2", "Task2", "{58A82103-830A-48CE-B131-9A817381EA05}"
EndProject
Project("{FAE04EC0-301F-11D3-BF4B-00C04F79EFBC}") = "Tyuiu.HodakovaNA.Sprint2.Task2.V25", "Tyuiu.HodakovaNA.Sprint2.Task2.V25\Tyuiu.HodakovaNA.Sprint2.Task2.V25.csproj", "{1108A287-E8BC-4095-9B05-EDDB1EB74F44}"
EndProject
Project("{FAE04EC0-301F-11D3-BF4B-00C04F79EFBC}") = "Tyuiu.HodakovaNA.Sprint2.Task2.V25.Lib", "Tyuiu.HodakovaNA.Sprint2.Task2.V25.Lib\Tyuiu.HodakovaNA.Sprint2.Task2.V25.Lib.csproj", "{59F46945-8443-453F-86C5-9453A4C600EA}"
EndProject
Project("{FAE04EC0-301F-11D3-BF4B-00C04F79EFBC}") = "Tyuiu.HodakovaNA.Sprint2.Task2.V25.Test", "Tyuiu.HodakovaNA.Sprint2.Task2.V25.Test\Tyuiu.HodakovaNA.Sprint2.Task2.V25.Test.csproj", "{A384C60D-D18D-459A-B9C1-866A88F545B4}"
EndProject
Project("{2150E333-8FDC-42A3-9474-1A3956D46DE8}") = "Task3", "Task3", "{E0739344-028F-4529-8807-08B8F47CA10F}"
EndProject
Project("{FAE04EC0-301F-11D3-BF4B-00C04F79EFBC}") = "Tyuiu.HodakovaNA.Sprint2.Task3.V15", "Tyuiu.HodakovaNA.Sprint2.Task3.V15\Tyuiu.HodakovaNA.Sprint2.Task3.V15.csproj", "{CF284F5A-A96C-410D-B901-12D9ADBF21C0}"
EndProject
Project("{FAE04EC0-301F-11D3-BF4B-00C04F79EFBC}") = "Tyuiu.HodakovaNA.Sprint2.Task3.V15.Lib", "Tyuiu.HodakovaNA.Sprint2.Task3.V15.Lib\Tyuiu.HodakovaNA.Sprint2.Task3.V15.Lib.csproj", "{CF91DA04-FC15-4914-A13D-64DAB24F8417}"
EndProject
Project("{FAE04EC0-301F-11D3-BF4B-00C04F79EFBC}") = "Tyuiu.HodakovaNA.Sprint2.Task3.V15.Test", "Tyuiu.HodakovaNA.Sprint2.Task3.V15.Test\Tyuiu.HodakovaNA.Sprint2.Task3.V15.Test.csproj", "{08C88E34-FCFE-4A38-8DC4-91B5D71350C0}"
EndProject
Project("{2150E333-8FDC-42A3-9474-1A3956D46DE8}") = "Task4", "Task4", "{3E971CE0-3E86-4811-B2FA-5A8F225D83E3}"
EndProject
Project("{FAE04EC0-301F-11D3-BF4B-00C04F79EFBC}") = "Tyuiu.HodakovaNA.Sptint2.Task4.V25", "Tyuiu.HodakovaNA.Sptint2.Task4.V25\Tyuiu.HodakovaNA.Sptint2.Task4.V25.csproj", "{D277CF07-DA33-44D1-BB18-941EBABAFD70}"
EndProject
Project("{FAE04EC0-301F-11D3-BF4B-00C04F79EFBC}") = "Tyuiu.HodakovaNA.Sptint2.Task4.V25.Test", "Tyuiu.HodakovaNA.Sptint2.Task4.V25.Test\Tyuiu.HodakovaNA.Sptint2.Task4.V25.Test.csproj", "{2FA5AA66-CF7E-4892-B7CF-69D43C48E5E4}"
EndProject
Project("{FAE04EC0-301F-11D3-BF4B-00C04F79EFBC}") = "Tyuiu.HodakovaNA.Sptint2.Task4.V25.Lib", "Tyuiu.HodakovaNA.Sptint2.Task4.V25.Lib\Tyuiu.HodakovaNA.Sptint2.Task4.V25.Lib.csproj", "{7597FB45-45E0-43E0-8D99-4C0B62F33882}"
EndProject
Global
	GlobalSection(SolutionConfigurationPlatforms) = preSolution
		Debug|Any CPU = Debug|Any CPU
		Release|Any CPU = Release|Any CPU
	EndGlobalSection
	GlobalSection(ProjectConfigurationPlatforms) = postSolution
		{CC1062CF-1F61-42EB-A6B3-C40EFE3F5C95}.Debug|Any CPU.ActiveCfg = Debug|Any CPU
		{CC1062CF-1F61-42EB-A6B3-C40EFE3F5C95}.Debug|Any CPU.Build.0 = Debug|Any CPU
		{CC1062CF-1F61-42EB-A6B3-C40EFE3F5C95}.Release|Any CPU.ActiveCfg = Release|Any CPU
		{CC1062CF-1F61-42EB-A6B3-C40EFE3F5C95}.Release|Any CPU.Build.0 = Release|Any CPU
		{5C200BB7-A4A3-4A4E-AC8D-FD7846668748}.Debug|Any CPU.ActiveCfg = Debug|Any CPU
		{5C200BB7-A4A3-4A4E-AC8D-FD7846668748}.Debug|Any CPU.Build.0 = Debug|Any CPU
		{5C200BB7-A4A3-4A4E-AC8D-FD7846668748}.Release|Any CPU.ActiveCfg = Release|Any CPU
		{5C200BB7-A4A3-4A4E-AC8D-FD7846668748}.Release|Any CPU.Build.0 = Release|Any CPU
		{186EF7D7-FE31-4F90-8315-648E1D02EADF}.Debug|Any CPU.ActiveCfg = Debug|Any CPU
		{186EF7D7-FE31-4F90-8315-648E1D02EADF}.Debug|Any CPU.Build.0 = Debug|Any CPU
		{186EF7D7-FE31-4F90-8315-648E1D02EADF}.Release|Any CPU.ActiveCfg = Release|Any CPU
		{186EF7D7-FE31-4F90-8315-648E1D02EADF}.Release|Any CPU.Build.0 = Release|Any CPU
		{8EC517F1-24D0-43E0-9CB2-8177E7428D0D}.Debug|Any CPU.ActiveCfg = Debug|Any CPU
		{8EC517F1-24D0-43E0-9CB2-8177E7428D0D}.Debug|Any CPU.Build.0 = Debug|Any CPU
		{8EC517F1-24D0-43E0-9CB2-8177E7428D0D}.Release|Any CPU.ActiveCfg = Release|Any CPU
		{8EC517F1-24D0-43E0-9CB2-8177E7428D0D}.Release|Any CPU.Build.0 = Release|Any CPU
		{E609AD0E-8293-442A-B4FE-05D73582D10E}.Debug|Any CPU.ActiveCfg = Debug|Any CPU
		{E609AD0E-8293-442A-B4FE-05D73582D10E}.Debug|Any CPU.Build.0 = Debug|Any CPU
		{E609AD0E-8293-442A-B4FE-05D73582D10E}.Release|Any CPU.ActiveCfg = Release|Any CPU
		{E609AD0E-8293-442A-B4FE-05D73582D10E}.Release|Any CPU.Build.0 = Release|Any CPU
		{480D7A4E-6423-49F2-AF78-42F7CF792589}.Debug|Any CPU.ActiveCfg = Debug|Any CPU
		{480D7A4E-6423-49F2-AF78-42F7CF792589}.Debug|Any CPU.Build.0 = Debug|Any CPU
		{480D7A4E-6423-49F2-AF78-42F7CF792589}.Release|Any CPU.ActiveCfg = Release|Any CPU
		{480D7A4E-6423-49F2-AF78-42F7CF792589}.Release|Any CPU.Build.0 = Release|Any CPU
		{1108A287-E8BC-4095-9B05-EDDB1EB74F44}.Debug|Any CPU.ActiveCfg = Debug|Any CPU
		{1108A287-E8BC-4095-9B05-EDDB1EB74F44}.Debug|Any CPU.Build.0 = Debug|Any CPU
		{1108A287-E8BC-4095-9B05-EDDB1EB74F44}.Release|Any CPU.ActiveCfg = Release|Any CPU
		{1108A287-E8BC-4095-9B05-EDDB1EB74F44}.Release|Any CPU.Build.0 = Release|Any CPU
		{59F46945-8443-453F-86C5-9453A4C600EA}.Debug|Any CPU.ActiveCfg = Debug|Any CPU
		{59F46945-8443-453F-86C5-9453A4C600EA}.Debug|Any CPU.Build.0 = Debug|Any CPU
		{59F46945-8443-453F-86C5-9453A4C600EA}.Release|Any CPU.ActiveCfg = Release|Any CPU
		{59F46945-8443-453F-86C5-9453A4C600EA}.Release|Any CPU.Build.0 = Release|Any CPU
		{A384C60D-D18D-459A-B9C1-866A88F545B4}.Debug|Any CPU.ActiveCfg = Debug|Any CPU
		{A384C60D-D18D-459A-B9C1-866A88F545B4}.Debug|Any CPU.Build.0 = Debug|Any CPU
		{A384C60D-D18D-459A-B9C1-866A88F545B4}.Release|Any CPU.ActiveCfg = Release|Any CPU
		{A384C60D-D18D-459A-B9C1-866A88F545B4}.Release|Any CPU.Build.0 = Release|Any CPU
		{CF284F5A-A96C-410D-B901-12D9ADBF21C0}.Debug|Any CPU.ActiveCfg = Debug|Any CPU
		{CF284F5A-A96C-410D-B901-12D9ADBF21C0}.Debug|Any CPU.Build.0 = Debug|Any CPU
		{CF284F5A-A96C-410D-B901-12D9ADBF21C0}.Release|Any CPU.ActiveCfg = Release|Any CPU
		{CF284F5A-A96C-410D-B901-12D9ADBF21C0}.Release|Any CPU.Build.0 = Release|Any CPU
		{CF91DA04-FC15-4914-A13D-64DAB24F8417}.Debug|Any CPU.ActiveCfg = Debug|Any CPU
		{CF91DA04-FC15-4914-A13D-64DAB24F8417}.Debug|Any CPU.Build.0 = Debug|Any CPU
		{CF91DA04-FC15-4914-A13D-64DAB24F8417}.Release|Any CPU.ActiveCfg = Release|Any CPU
		{CF91DA04-FC15-4914-A13D-64DAB24F8417}.Release|Any CPU.Build.0 = Release|Any CPU
		{08C88E34-FCFE-4A38-8DC4-91B5D71350C0}.Debug|Any CPU.ActiveCfg = Debug|Any CPU
		{08C88E34-FCFE-4A38-8DC4-91B5D71350C0}.Debug|Any CPU.Build.0 = Debug|Any CPU
		{08C88E34-FCFE-4A38-8DC4-91B5D71350C0}.Release|Any CPU.ActiveCfg = Release|Any CPU
		{08C88E34-FCFE-4A38-8DC4-91B5D71350C0}.Release|Any CPU.Build.0 = Release|Any CPU
		{D277CF07-DA33-44D1-BB18-941EBABAFD70}.Debug|Any CPU.ActiveCfg = Debug|Any CPU
		{D277CF07-DA33-44D1-BB18-941EBABAFD70}.Debug|Any CPU.Build.0 = Debug|Any CPU
		{D277CF07-DA33-44D1-BB18-941EBABAFD70}.Release|Any CPU.ActiveCfg = Release|Any CPU
		{D277CF07-DA33-44D1-BB18-941EBABAFD70}.Release|Any CPU.Build.0 = Release|Any CPU
		{2FA5AA66-CF7E-4892-B7CF-69D43C48E5E4}.Debug|Any CPU.ActiveCfg = Debug|Any CPU
		{2FA5AA66-CF7E-4892-B7CF-69D43C48E5E4}.Debug|Any CPU.Build.0 = Debug|Any CPU
		{2FA5AA66-CF7E-4892-B7CF-69D43C48E5E4}.Release|Any CPU.ActiveCfg = Release|Any CPU
		{2FA5AA66-CF7E-4892-B7CF-69D43C48E5E4}.Release|Any CPU.Build.0 = Release|Any CPU
		{7597FB45-45E0-43E0-8D99-4C0B62F33882}.Debug|Any CPU.ActiveCfg = Debug|Any CPU
		{7597FB45-45E0-43E0-8D99-4C0B62F33882}.Debug|Any CPU.Build.0 = Debug|Any CPU
		{7597FB45-45E0-43E0-8D99-4C0B62F33882}.Release|Any CPU.ActiveCfg = Release|Any CPU
		{7597FB45-45E0-43E0-8D99-4C0B62F33882}.Release|Any CPU.Build.0 = Release|Any CPU
	EndGlobalSection
	GlobalSection(SolutionProperties) = preSolution
		HideSolutionNode = FALSE
	EndGlobalSection
	GlobalSection(NestedProjects) = preSolution
		{CC1062CF-1F61-42EB-A6B3-C40EFE3F5C95} = {BF595683-079C-498A-9F04-2A00318D2F14}
		{5C200BB7-A4A3-4A4E-AC8D-FD7846668748} = {BF595683-079C-498A-9F04-2A00318D2F14}
		{186EF7D7-FE31-4F90-8315-648E1D02EADF} = {BF595683-079C-498A-9F04-2A00318D2F14}
		{8EC517F1-24D0-43E0-9CB2-8177E7428D0D} = {3D9AE30F-AEF9-4FCC-B3D3-8A0190E6BB09}
		{E609AD0E-8293-442A-B4FE-05D73582D10E} = {3D9AE30F-AEF9-4FCC-B3D3-8A0190E6BB09}
		{480D7A4E-6423-49F2-AF78-42F7CF792589} = {3D9AE30F-AEF9-4FCC-B3D3-8A0190E6BB09}
		{1108A287-E8BC-4095-9B05-EDDB1EB74F44} = {58A82103-830A-48CE-B131-9A817381EA05}
		{59F46945-8443-453F-86C5-9453A4C600EA} = {58A82103-830A-48CE-B131-9A817381EA05}
		{A384C60D-D18D-459A-B9C1-866A88F545B4} = {58A82103-830A-48CE-B131-9A817381EA05}
		{CF284F5A-A96C-410D-B901-12D9ADBF21C0} = {E0739344-028F-4529-8807-08B8F47CA10F}
		{CF91DA04-FC15-4914-A13D-64DAB24F8417} = {E0739344-028F-4529-8807-08B8F47CA10F}
		{08C88E34-FCFE-4A38-8DC4-91B5D71350C0} = {E0739344-028F-4529-8807-08B8F47CA10F}
		{D277CF07-DA33-44D1-BB18-941EBABAFD70} = {3E971CE0-3E86-4811-B2FA-5A8F225D83E3}
		{2FA5AA66-CF7E-4892-B7CF-69D43C48E5E4} = {3E971CE0-3E86-4811-B2FA-5A8F225D83E3}
		{7597FB45-45E0-43E0-8D99-4C0B62F33882} = {3E971CE0-3E86-4811-B2FA-5A8F225D83E3}
	EndGlobalSection
	GlobalSection(ExtensibilityGlobals) = postSolution
		SolutionGuid = {A6482DD5-7084-4A89-AAC6-681D3EF1312C}
	EndGlobalSection
EndGlobal
